
Microsoft Visual Studio Solution File, Format Version 12.00
# Visual Studio Version 16
VisualStudioVersion = 16.0.30517.126
MinimumVisualStudioVersion = 10.0.40219.1
Project("{FAE04EC0-301F-11D3-BF4B-00C04F79EFBC}") = "PCostaAssignment1", "Assignment_1_Tic_Tac_Toe\PCostaAssignment1.csproj", "{C5C0A14F-08DD-4FCD-BB47-6EDDCCF7B1CE}"
EndProject
Global
	GlobalSection(SolutionConfigurationPlatforms) = preSolution
		Debug|Any CPU = Debug|Any CPU
		Release|Any CPU = Release|Any CPU
	EndGlobalSection
	GlobalSection(ProjectConfigurationPlatforms) = postSolution
		{C5C0A14F-08DD-4FCD-BB47-6EDDCCF7B1CE}.Debug|Any CPU.ActiveCfg = Debug|Any CPU
		{C5C0A14F-08DD-4FCD-BB47-6EDDCCF7B1CE}.Debug|Any CPU.Build.0 = Debug|Any CPU
		{C5C0A14F-08DD-4FCD-BB47-6EDDCCF7B1CE}.Release|Any CPU.ActiveCfg = Release|Any CPU
		{C5C0A14F-08DD-4FCD-BB47-6EDDCCF7B1CE}.Release|Any CPU.Build.0 = Release|Any CPU
	EndGlobalSection
	GlobalSection(SolutionProperties) = preSolution
		HideSolutionNode = FALSE
	EndGlobalSection
	GlobalSection(ExtensibilityGlobals) = postSolution
		SolutionGuid = {21576C4F-93D5-4F88-9701-FA508CB3B06E}
	EndGlobalSection
EndGlobal
